
Microsoft Visual Studio Solution File, Format Version 12.00
# Visual Studio 15
VisualStudioVersion = 15.0.28307.2017
MinimumVisualStudioVersion = 10.0.40219.1
Project("{FAE04EC0-301F-11D3-BF4B-00C04F79EFBC}") = "PacketUtil", "PacketUtil\PacketUtil.csproj", "{F50B6560-6879-47E3-8315-2F56D803EFEA}"
EndProject
Project("{FAE04EC0-301F-11D3-BF4B-00C04F79EFBC}") = "StructTest", "StructTest\StructTest.csproj", "{C3959AF9-BAB9-44A8-B84A-C0D19CB8F4D8}"
EndProject
Global
	GlobalSection(SolutionConfigurationPlatforms) = preSolution
		Debug|Any CPU = Debug|Any CPU
		Release|Any CPU = Release|Any CPU
	EndGlobalSection
	GlobalSection(ProjectConfigurationPlatforms) = postSolution
		{F50B6560-6879-47E3-8315-2F56D803EFEA}.Debug|Any CPU.ActiveCfg = Debug|Any CPU
		{F50B6560-6879-47E3-8315-2F56D803EFEA}.Debug|Any CPU.Build.0 = Debug|Any CPU
		{F50B6560-6879-47E3-8315-2F56D803EFEA}.Release|Any CPU.ActiveCfg = Release|Any CPU
		{F50B6560-6879-47E3-8315-2F56D803EFEA}.Release|Any CPU.Build.0 = Release|Any CPU
		{C3959AF9-BAB9-44A8-B84A-C0D19CB8F4D8}.Debug|Any CPU.ActiveCfg = Debug|Any CPU
		{C3959AF9-BAB9-44A8-B84A-C0D19CB8F4D8}.Debug|Any CPU.Build.0 = Debug|Any CPU
		{C3959AF9-BAB9-44A8-B84A-C0D19CB8F4D8}.Release|Any CPU.ActiveCfg = Release|Any CPU
		{C3959AF9-BAB9-44A8-B84A-C0D19CB8F4D8}.Release|Any CPU.Build.0 = Release|Any CPU
	EndGlobalSection
	GlobalSection(SolutionProperties) = preSolution
		HideSolutionNode = FALSE
	EndGlobalSection
	GlobalSection(ExtensibilityGlobals) = postSolution
		SolutionGuid = {CCD4BB71-216E-496A-822D-90AFD7835B5C}
	EndGlobalSection
EndGlobal
